
Microsoft Visual Studio Solution File, Format Version 12.00
# Visual Studio Version 17
VisualStudioVersion = 17.1.32319.34
MinimumVisualStudioVersion = 10.0.40219.1
Project("{2150E333-8FDC-42A3-9474-1A3956D46DE8}") = "Apis", "Apis", "{5B2038F9-6419-4649-A35E-5974821900D8}"
EndProject
Project("{2150E333-8FDC-42A3-9474-1A3956D46DE8}") = "Frontend", "Frontend", "{E2CC931F-4A14-4D31-8AFC-7D105D75917D}"
EndProject
Project("{2150E333-8FDC-42A3-9474-1A3956D46DE8}") = "Application", "Application", "{2456C5F7-D853-4745-83E1-6197CA190150}"
EndProject
Project("{9A19103F-16F7-4668-BE54-9A1E7A4F7556}") = "ViewModels", "FrontEnd\Application\ViewModels\ViewModels.csproj", "{8763186D-2568-4BC7-9DE3-98EB8ED07EC1}"
EndProject
Project("{9A19103F-16F7-4668-BE54-9A1E7A4F7556}") = "Dto", "FrontEnd\Application\Dto\Dto.csproj", "{BA1EDD2E-8FB3-4C57-8067-9A2456EC0353}"
EndProject
Project("{2150E333-8FDC-42A3-9474-1A3956D46DE8}") = "Domain", "Domain", "{0036FD5D-36B3-45E2-9AC2-19167967211C}"
EndProject
Project("{9A19103F-16F7-4668-BE54-9A1E7A4F7556}") = "Core", "FrontEnd\Domain\Core\Core.csproj", "{6DF98437-B5DE-45DD-BC68-AD0BEE726676}"
EndProject
Project("{9A19103F-16F7-4668-BE54-9A1E7A4F7556}") = "Entities", "FrontEnd\Domain\Entities\Entities\Entities.csproj", "{ACF6FB4A-A24C-4394-9836-B45B066F5182}"
EndProject
Project("{2150E333-8FDC-42A3-9474-1A3956D46DE8}") = "Infraestructure", "Infraestructure", "{7EF543AA-1BF6-4542-8BC7-8F901FBA3470}"
EndProject
Project("{9A19103F-16F7-4668-BE54-9A1E7A4F7556}") = "Data", "FrontEnd\Infraestructure\Data\Data.csproj", "{72B10FAD-FD00-4B0C-941B-BB9FC54FFB7C}"
EndProject
Project("{9A19103F-16F7-4668-BE54-9A1E7A4F7556}") = "Repositories", "FrontEnd\Infraestructure\Repositories\Repositories.csproj", "{BEE2FF93-DA96-4381-BD37-90E92434ECD5}"
EndProject
Project("{2150E333-8FDC-42A3-9474-1A3956D46DE8}") = "Transversals", "Transversals", "{83852DDF-5FDB-4393-9773-6BD0B3D9029A}"
EndProject
Project("{9A19103F-16F7-4668-BE54-9A1E7A4F7556}") = "Commons", "FrontEnd\Transversals\Commons\Commons.csproj", "{9EB123AF-8804-495B-A225-42366F0BC607}"
EndProject
Project("{9A19103F-16F7-4668-BE54-9A1E7A4F7556}") = "Mappers", "FrontEnd\Transversals\Mappers\Mappers.csproj", "{4F7C4198-A73F-450C-878A-FA4F90368BCF}"
EndProject
Project("{2150E333-8FDC-42A3-9474-1A3956D46DE8}") = "Web", "Web", "{67007AF5-7E3D-43D2-B1EA-C1B386F102DC}"
EndProject
Project("{9A19103F-16F7-4668-BE54-9A1E7A4F7556}") = "Frontend", "FrontEnd\Web\Frontend\Frontend.csproj", "{BC0582B8-8EAA-42FD-8F88-8E6C8406B112}"
EndProject
Project("{2150E333-8FDC-42A3-9474-1A3956D46DE8}") = "SpeechToText", "SpeechToText", "{CD10B68C-7FA6-44D9-802E-599EDC175867}"
EndProject
Project("{2150E333-8FDC-42A3-9474-1A3956D46DE8}") = "Api", "Api", "{436C8EF5-6540-47A9-943C-ED37A7E07CFE}"
EndProject
Project("{FAE04EC0-301F-11D3-BF4B-00C04F79EFBC}") = "Speech2Text", "Apis\Speech2text\Api\Speech2Text\Speech2Text.csproj", "{6F43ECAA-41B0-4D6D-9715-112C4A08F498}"
EndProject
Project("{2150E333-8FDC-42A3-9474-1A3956D46DE8}") = "Domain", "Domain", "{CB40E13F-F586-465F-A203-EAF35CFA0866}"
EndProject
Project("{FAE04EC0-301F-11D3-BF4B-00C04F79EFBC}") = "Core", "Apis\Speech2text\Domain\Core\Core.csproj", "{A6FBDF0C-1F2C-44DF-A6C0-96E8F7E0885B}"
EndProject
Project("{FAE04EC0-301F-11D3-BF4B-00C04F79EFBC}") = "Entities", "Apis\Speech2text\Domain\Entities\Entities.csproj", "{A41F0BAF-8C2C-4E98-8811-950BEFBC9B3A}"
EndProject
Project("{2150E333-8FDC-42A3-9474-1A3956D46DE8}") = "Application", "Application", "{E7BDF2F3-433F-4AA2-AD98-AA32B19803D6}"
EndProject
Project("{FAE04EC0-301F-11D3-BF4B-00C04F79EFBC}") = "Dto", "Apis\Speech2text\Application\Dto\Dto.csproj", "{4D0F3408-1D1D-465A-8EF4-693E4636307D}"
EndProject
Project("{2150E333-8FDC-42A3-9474-1A3956D46DE8}") = "Infraestructure", "Infraestructure", "{3FD87575-C16B-4EE0-B166-61EDC632A48E}"
EndProject
Project("{2150E333-8FDC-42A3-9474-1A3956D46DE8}") = "Transversals", "Transversals", "{5DBFC7F2-4760-47CB-A296-D2E0CD461B4E}"
EndProject
Project("{FAE04EC0-301F-11D3-BF4B-00C04F79EFBC}") = "Data", "Apis\Speech2text\Infraestructure\Data\Data.csproj", "{153F8128-8374-4F5B-B95C-B205D6C24F6C}"
EndProject
Project("{FAE04EC0-301F-11D3-BF4B-00C04F79EFBC}") = "Repositories", "Apis\Speech2text\Infraestructure\Repositories\Repositories.csproj", "{0101413E-F263-4F35-A304-DCFE42577A83}"
EndProject
Project("{9A19103F-16F7-4668-BE54-9A1E7A4F7556}") = "Commons", "Apis\Speech2text\Transversals\Commons\Commons.csproj", "{2ADECF48-0B9D-4F26-B09D-60D17CE528CF}"
EndProject
Project("{2150E333-8FDC-42A3-9474-1A3956D46DE8}") = "IdentityApi", "IdentityApi", "{091F4576-6B2D-4918-B8D8-5B4ED65FA171}"
EndProject
Global
	GlobalSection(SolutionConfigurationPlatforms) = preSolution
		Debug|Any CPU = Debug|Any CPU
		Release|Any CPU = Release|Any CPU
	EndGlobalSection
	GlobalSection(ProjectConfigurationPlatforms) = postSolution
		{8763186D-2568-4BC7-9DE3-98EB8ED07EC1}.Debug|Any CPU.ActiveCfg = Debug|Any CPU
		{8763186D-2568-4BC7-9DE3-98EB8ED07EC1}.Debug|Any CPU.Build.0 = Debug|Any CPU
		{8763186D-2568-4BC7-9DE3-98EB8ED07EC1}.Release|Any CPU.ActiveCfg = Release|Any CPU
		{8763186D-2568-4BC7-9DE3-98EB8ED07EC1}.Release|Any CPU.Build.0 = Release|Any CPU
		{BA1EDD2E-8FB3-4C57-8067-9A2456EC0353}.Debug|Any CPU.ActiveCfg = Debug|Any CPU
		{BA1EDD2E-8FB3-4C57-8067-9A2456EC0353}.Debug|Any CPU.Build.0 = Debug|Any CPU
		{BA1EDD2E-8FB3-4C57-8067-9A2456EC0353}.Release|Any CPU.ActiveCfg = Release|Any CPU
		{BA1EDD2E-8FB3-4C57-8067-9A2456EC0353}.Release|Any CPU.Build.0 = Release|Any CPU
		{6DF98437-B5DE-45DD-BC68-AD0BEE726676}.Debug|Any CPU.ActiveCfg = Debug|Any CPU
		{6DF98437-B5DE-45DD-BC68-AD0BEE726676}.Debug|Any CPU.Build.0 = Debug|Any CPU
		{6DF98437-B5DE-45DD-BC68-AD0BEE726676}.Release|Any CPU.ActiveCfg = Release|Any CPU
		{6DF98437-B5DE-45DD-BC68-AD0BEE726676}.Release|Any CPU.Build.0 = Release|Any CPU
		{ACF6FB4A-A24C-4394-9836-B45B066F5182}.Debug|Any CPU.ActiveCfg = Debug|Any CPU
		{ACF6FB4A-A24C-4394-9836-B45B066F5182}.Debug|Any CPU.Build.0 = Debug|Any CPU
		{ACF6FB4A-A24C-4394-9836-B45B066F5182}.Release|Any CPU.ActiveCfg = Release|Any CPU
		{ACF6FB4A-A24C-4394-9836-B45B066F5182}.Release|Any CPU.Build.0 = Release|Any CPU
		{72B10FAD-FD00-4B0C-941B-BB9FC54FFB7C}.Debug|Any CPU.ActiveCfg = Debug|Any CPU
		{72B10FAD-FD00-4B0C-941B-BB9FC54FFB7C}.Debug|Any CPU.Build.0 = Debug|Any CPU
		{72B10FAD-FD00-4B0C-941B-BB9FC54FFB7C}.Release|Any CPU.ActiveCfg = Release|Any CPU
		{72B10FAD-FD00-4B0C-941B-BB9FC54FFB7C}.Release|Any CPU.Build.0 = Release|Any CPU
		{BEE2FF93-DA96-4381-BD37-90E92434ECD5}.Debug|Any CPU.ActiveCfg = Debug|Any CPU
		{BEE2FF93-DA96-4381-BD37-90E92434ECD5}.Debug|Any CPU.Build.0 = Debug|Any CPU
		{BEE2FF93-DA96-4381-BD37-90E92434ECD5}.Release|Any CPU.ActiveCfg = Release|Any CPU
		{BEE2FF93-DA96-4381-BD37-90E92434ECD5}.Release|Any CPU.Build.0 = Release|Any CPU
		{9EB123AF-8804-495B-A225-42366F0BC607}.Debug|Any CPU.ActiveCfg = Debug|Any CPU
		{9EB123AF-8804-495B-A225-42366F0BC607}.Debug|Any CPU.Build.0 = Debug|Any CPU
		{9EB123AF-8804-495B-A225-42366F0BC607}.Release|Any CPU.ActiveCfg = Release|Any CPU
		{9EB123AF-8804-495B-A225-42366F0BC607}.Release|Any CPU.Build.0 = Release|Any CPU
		{4F7C4198-A73F-450C-878A-FA4F90368BCF}.Debug|Any CPU.ActiveCfg = Debug|Any CPU
		{4F7C4198-A73F-450C-878A-FA4F90368BCF}.Debug|Any CPU.Build.0 = Debug|Any CPU
		{4F7C4198-A73F-450C-878A-FA4F90368BCF}.Release|Any CPU.ActiveCfg = Release|Any CPU
		{4F7C4198-A73F-450C-878A-FA4F90368BCF}.Release|Any CPU.Build.0 = Release|Any CPU
		{BC0582B8-8EAA-42FD-8F88-8E6C8406B112}.Debug|Any CPU.ActiveCfg = Debug|Any CPU
		{BC0582B8-8EAA-42FD-8F88-8E6C8406B112}.Debug|Any CPU.Build.0 = Debug|Any CPU
		{BC0582B8-8EAA-42FD-8F88-8E6C8406B112}.Release|Any CPU.ActiveCfg = Release|Any CPU
		{BC0582B8-8EAA-42FD-8F88-8E6C8406B112}.Release|Any CPU.Build.0 = Release|Any CPU
		{6F43ECAA-41B0-4D6D-9715-112C4A08F498}.Debug|Any CPU.ActiveCfg = Debug|Any CPU
		{6F43ECAA-41B0-4D6D-9715-112C4A08F498}.Debug|Any CPU.Build.0 = Debug|Any CPU
		{6F43ECAA-41B0-4D6D-9715-112C4A08F498}.Release|Any CPU.ActiveCfg = Release|Any CPU
		{6F43ECAA-41B0-4D6D-9715-112C4A08F498}.Release|Any CPU.Build.0 = Release|Any CPU
		{A6FBDF0C-1F2C-44DF-A6C0-96E8F7E0885B}.Debug|Any CPU.ActiveCfg = Debug|Any CPU
		{A6FBDF0C-1F2C-44DF-A6C0-96E8F7E0885B}.Debug|Any CPU.Build.0 = Debug|Any CPU
		{A6FBDF0C-1F2C-44DF-A6C0-96E8F7E0885B}.Release|Any CPU.ActiveCfg = Release|Any CPU
		{A6FBDF0C-1F2C-44DF-A6C0-96E8F7E0885B}.Release|Any CPU.Build.0 = Release|Any CPU
		{A41F0BAF-8C2C-4E98-8811-950BEFBC9B3A}.Debug|Any CPU.ActiveCfg = Debug|Any CPU
		{A41F0BAF-8C2C-4E98-8811-950BEFBC9B3A}.Debug|Any CPU.Build.0 = Debug|Any CPU
		{A41F0BAF-8C2C-4E98-8811-950BEFBC9B3A}.Release|Any CPU.ActiveCfg = Release|Any CPU
		{A41F0BAF-8C2C-4E98-8811-950BEFBC9B3A}.Release|Any CPU.Build.0 = Release|Any CPU
		{4D0F3408-1D1D-465A-8EF4-693E4636307D}.Debug|Any CPU.ActiveCfg = Debug|Any CPU
		{4D0F3408-1D1D-465A-8EF4-693E4636307D}.Debug|Any CPU.Build.0 = Debug|Any CPU
		{4D0F3408-1D1D-465A-8EF4-693E4636307D}.Release|Any CPU.ActiveCfg = Release|Any CPU
		{4D0F3408-1D1D-465A-8EF4-693E4636307D}.Release|Any CPU.Build.0 = Release|Any CPU
		{153F8128-8374-4F5B-B95C-B205D6C24F6C}.Debug|Any CPU.ActiveCfg = Debug|Any CPU
		{153F8128-8374-4F5B-B95C-B205D6C24F6C}.Debug|Any CPU.Build.0 = Debug|Any CPU
		{153F8128-8374-4F5B-B95C-B205D6C24F6C}.Release|Any CPU.ActiveCfg = Release|Any CPU
		{153F8128-8374-4F5B-B95C-B205D6C24F6C}.Release|Any CPU.Build.0 = Release|Any CPU
		{0101413E-F263-4F35-A304-DCFE42577A83}.Debug|Any CPU.ActiveCfg = Debug|Any CPU
		{0101413E-F263-4F35-A304-DCFE42577A83}.Debug|Any CPU.Build.0 = Debug|Any CPU
		{0101413E-F263-4F35-A304-DCFE42577A83}.Release|Any CPU.ActiveCfg = Release|Any CPU
		{0101413E-F263-4F35-A304-DCFE42577A83}.Release|Any CPU.Build.0 = Release|Any CPU
		{2ADECF48-0B9D-4F26-B09D-60D17CE528CF}.Debug|Any CPU.ActiveCfg = Debug|Any CPU
		{2ADECF48-0B9D-4F26-B09D-60D17CE528CF}.Debug|Any CPU.Build.0 = Debug|Any CPU
		{2ADECF48-0B9D-4F26-B09D-60D17CE528CF}.Release|Any CPU.ActiveCfg = Release|Any CPU
		{2ADECF48-0B9D-4F26-B09D-60D17CE528CF}.Release|Any CPU.Build.0 = Release|Any CPU
	EndGlobalSection
	GlobalSection(SolutionProperties) = preSolution
		HideSolutionNode = FALSE
	EndGlobalSection
	GlobalSection(NestedProjects) = preSolution
		{2456C5F7-D853-4745-83E1-6197CA190150} = {E2CC931F-4A14-4D31-8AFC-7D105D75917D}
		{8763186D-2568-4BC7-9DE3-98EB8ED07EC1} = {2456C5F7-D853-4745-83E1-6197CA190150}
		{BA1EDD2E-8FB3-4C57-8067-9A2456EC0353} = {2456C5F7-D853-4745-83E1-6197CA190150}
		{0036FD5D-36B3-45E2-9AC2-19167967211C} = {E2CC931F-4A14-4D31-8AFC-7D105D75917D}
		{6DF98437-B5DE-45DD-BC68-AD0BEE726676} = {0036FD5D-36B3-45E2-9AC2-19167967211C}
		{ACF6FB4A-A24C-4394-9836-B45B066F5182} = {0036FD5D-36B3-45E2-9AC2-19167967211C}
		{7EF543AA-1BF6-4542-8BC7-8F901FBA3470} = {E2CC931F-4A14-4D31-8AFC-7D105D75917D}
		{72B10FAD-FD00-4B0C-941B-BB9FC54FFB7C} = {7EF543AA-1BF6-4542-8BC7-8F901FBA3470}
		{BEE2FF93-DA96-4381-BD37-90E92434ECD5} = {7EF543AA-1BF6-4542-8BC7-8F901FBA3470}
		{83852DDF-5FDB-4393-9773-6BD0B3D9029A} = {E2CC931F-4A14-4D31-8AFC-7D105D75917D}
		{9EB123AF-8804-495B-A225-42366F0BC607} = {83852DDF-5FDB-4393-9773-6BD0B3D9029A}
		{4F7C4198-A73F-450C-878A-FA4F90368BCF} = {83852DDF-5FDB-4393-9773-6BD0B3D9029A}
		{67007AF5-7E3D-43D2-B1EA-C1B386F102DC} = {E2CC931F-4A14-4D31-8AFC-7D105D75917D}
		{BC0582B8-8EAA-42FD-8F88-8E6C8406B112} = {67007AF5-7E3D-43D2-B1EA-C1B386F102DC}
		{CD10B68C-7FA6-44D9-802E-599EDC175867} = {5B2038F9-6419-4649-A35E-5974821900D8}
		{436C8EF5-6540-47A9-943C-ED37A7E07CFE} = {CD10B68C-7FA6-44D9-802E-599EDC175867}
		{6F43ECAA-41B0-4D6D-9715-112C4A08F498} = {436C8EF5-6540-47A9-943C-ED37A7E07CFE}
		{CB40E13F-F586-465F-A203-EAF35CFA0866} = {CD10B68C-7FA6-44D9-802E-599EDC175867}
		{A6FBDF0C-1F2C-44DF-A6C0-96E8F7E0885B} = {CB40E13F-F586-465F-A203-EAF35CFA0866}
		{A41F0BAF-8C2C-4E98-8811-950BEFBC9B3A} = {CB40E13F-F586-465F-A203-EAF35CFA0866}
		{E7BDF2F3-433F-4AA2-AD98-AA32B19803D6} = {CD10B68C-7FA6-44D9-802E-599EDC175867}
		{4D0F3408-1D1D-465A-8EF4-693E4636307D} = {E7BDF2F3-433F-4AA2-AD98-AA32B19803D6}
		{3FD87575-C16B-4EE0-B166-61EDC632A48E} = {CD10B68C-7FA6-44D9-802E-599EDC175867}
		{5DBFC7F2-4760-47CB-A296-D2E0CD461B4E} = {CD10B68C-7FA6-44D9-802E-599EDC175867}
		{153F8128-8374-4F5B-B95C-B205D6C24F6C} = {3FD87575-C16B-4EE0-B166-61EDC632A48E}
		{0101413E-F263-4F35-A304-DCFE42577A83} = {3FD87575-C16B-4EE0-B166-61EDC632A48E}
		{2ADECF48-0B9D-4F26-B09D-60D17CE528CF} = {5DBFC7F2-4760-47CB-A296-D2E0CD461B4E}
		{091F4576-6B2D-4918-B8D8-5B4ED65FA171} = {5B2038F9-6419-4649-A35E-5974821900D8}
	EndGlobalSection
	GlobalSection(ExtensibilityGlobals) = postSolution
		SolutionGuid = {2948E482-34AC-4B95-80D5-3A4F54779278}
	EndGlobalSection
EndGlobal
